
Microsoft Visual Studio Solution File, Format Version 12.00
# Visual Studio Version 17
VisualStudioVersion = 17.14.36623.8
MinimumVisualStudioVersion = 10.0.40219.1
Project("{FAE04EC0-301F-11D3-BF4B-00C04F79EFBC}") = "Autosoft Licensing", "Autosoft Licensing\Autosoft Licensing.csproj", "{A21B52A2-07E7-4AB1-8932-EF5DDBB31BC0}"
EndProject
Global
	GlobalSection(SolutionConfigurationPlatforms) = preSolution
		Debug|Any CPU = Debug|Any CPU
		Release|Any CPU = Release|Any CPU
	EndGlobalSection
	GlobalSection(ProjectConfigurationPlatforms) = postSolution
		{A21B52A2-07E7-4AB1-8932-EF5DDBB31BC0}.Debug|Any CPU.ActiveCfg = Debug|Any CPU
		{A21B52A2-07E7-4AB1-8932-EF5DDBB31BC0}.Debug|Any CPU.Build.0 = Debug|Any CPU
		{A21B52A2-07E7-4AB1-8932-EF5DDBB31BC0}.Release|Any CPU.ActiveCfg = Release|Any CPU
		{A21B52A2-07E7-4AB1-8932-EF5DDBB31BC0}.Release|Any CPU.Build.0 = Release|Any CPU
	EndGlobalSection
	GlobalSection(SolutionProperties) = preSolution
		HideSolutionNode = FALSE
	EndGlobalSection
	GlobalSection(ExtensibilityGlobals) = postSolution
		SolutionGuid = {62E4CC2A-943F-4CA1-9188-81CD32D995EB}
	EndGlobalSection
EndGlobal
